// !$*UTF8*$!
{
	archiveVersion = 1;
	classes = {
	};
	objectVersion = 48;
	objects = {

/* Begin PBXBuildFile section */
		591E82CC1F9551DA00530C3E /* VCR_OSD_MONO_1.001.ttf in CopyFiles */ = {isa = PBXBuildFile; fileRef = 591E82CB1F9551DA00530C3E /* VCR_OSD_MONO_1.001.ttf */; };
		593FBB3E1F9235550070A8D6 /* main.c in Sources */ = {isa = PBXBuildFile; fileRef = 593FBB3D1F9235550070A8D6 /* main.c */; };
		593FBB461F92359F0070A8D6 /* SDL2_image.framework in Frameworks */ = {isa = PBXBuildFile; fileRef = 593FBB451F92359F0070A8D6 /* SDL2_image.framework */; };
		593FBB481F9235AA0070A8D6 /* SDL2_mixer.framework in Frameworks */ = {isa = PBXBuildFile; fileRef = 593FBB471F9235AA0070A8D6 /* SDL2_mixer.framework */; };
		593FBB4A1F9235B30070A8D6 /* SDL2_ttf.framework in Frameworks */ = {isa = PBXBuildFile; fileRef = 593FBB491F9235B30070A8D6 /* SDL2_ttf.framework */; };
		593FBB4C1F9235BE0070A8D6 /* SDL2.framework in Frameworks */ = {isa = PBXBuildFile; fileRef = 593FBB4B1F9235BE0070A8D6 /* SDL2.framework */; };
		59BA942E1F93B58D005F3C20 /* player_spritesheet_05.png in CopyFiles */ = {isa = PBXBuildFile; fileRef = 59BA942D1F93B58C005F3C20 /* player_spritesheet_05.png */; };
/* End PBXBuildFile section */

/* Begin PBXCopyFilesBuildPhase section */
		593FBB381F9235550070A8D6 /* CopyFiles */ = {
			isa = PBXCopyFilesBuildPhase;
			buildActionMask = 12;
			dstPath = "";
			dstSubfolderSpec = 6;
			files = (
				591E82CC1F9551DA00530C3E /* VCR_OSD_MONO_1.001.ttf in CopyFiles */,
				59BA942E1F93B58D005F3C20 /* player_spritesheet_05.png in CopyFiles */,
			);
			runOnlyForDeploymentPostprocessing = 0;
		};
/* End PBXCopyFilesBuildPhase section */

/* Begin PBXFileReference section */
		591E82CB1F9551DA00530C3E /* VCR_OSD_MONO_1.001.ttf */ = {isa = PBXFileReference; lastKnownFileType = file; path = VCR_OSD_MONO_1.001.ttf; sourceTree = "<group>"; };
		593FBB3A1F9235550070A8D6 /* Pixelman2 */ = {isa = PBXFileReference; explicitFileType = "compiled.mach-o.executable"; includeInIndex = 0; path = Pixelman2; sourceTree = BUILT_PRODUCTS_DIR; };
		593FBB3D1F9235550070A8D6 /* main.c */ = {isa = PBXFileReference; lastKnownFileType = sourcecode.c.c; path = main.c; sourceTree = "<group>"; };
		593FBB451F92359F0070A8D6 /* SDL2_image.framework */ = {isa = PBXFileReference; lastKnownFileType = wrapper.framework; name = SDL2_image.framework; path = Pixelman2/SDL2_image.framework; sourceTree = "<group>"; };
		593FBB471F9235AA0070A8D6 /* SDL2_mixer.framework */ = {isa = PBXFileReference; lastKnownFileType = wrapper.framework; name = SDL2_mixer.framework; path = Pixelman2/SDL2_mixer.framework; sourceTree = "<group>"; };
		593FBB491F9235B30070A8D6 /* SDL2_ttf.framework */ = {isa = PBXFileReference; lastKnownFileType = wrapper.framework; name = SDL2_ttf.framework; path = Pixelman2/SDL2_ttf.framework; sourceTree = "<group>"; };
		593FBB4B1F9235BE0070A8D6 /* SDL2.framework */ = {isa = PBXFileReference; lastKnownFileType = wrapper.framework; name = SDL2.framework; path = Pixelman2/SDL2.framework; sourceTree = "<group>"; };
		593FBB4D1F9237500070A8D6 /* main.h */ = {isa = PBXFileReference; lastKnownFileType = sourcecode.c.h; path = main.h; sourceTree = "<group>"; };
		593FBB4E1F9238A00070A8D6 /* define.h */ = {isa = PBXFileReference; lastKnownFileType = sourcecode.c.h; path = define.h; sourceTree = "<group>"; };
		59BA942D1F93B58C005F3C20 /* player_spritesheet_05.png */ = {isa = PBXFileReference; lastKnownFileType = image.png; path = player_spritesheet_05.png; sourceTree = "<group>"; };
/* End PBXFileReference section */

/* Begin PBXFrameworksBuildPhase section */
		593FBB371F9235550070A8D6 /* Frameworks */ = {
			isa = PBXFrameworksBuildPhase;
			buildActionMask = 2147483647;
			files = (
				593FBB4C1F9235BE0070A8D6 /* SDL2.framework in Frameworks */,
				593FBB4A1F9235B30070A8D6 /* SDL2_ttf.framework in Frameworks */,
				593FBB481F9235AA0070A8D6 /* SDL2_mixer.framework in Frameworks */,
				593FBB461F92359F0070A8D6 /* SDL2_image.framework in Frameworks */,
			);
			runOnlyForDeploymentPostprocessing = 0;
		};
/* End PBXFrameworksBuildPhase section */

/* Begin PBXGroup section */
		593FBB311F9235550070A8D6 = {
			isa = PBXGroup;
			children = (
				593FBB711F92A3320070A8D6 /* img */,
				593FBB3C1F9235550070A8D6 /* Pixelman2 */,
				593FBB3B1F9235550070A8D6 /* Products */,
				593FBB441F92359F0070A8D6 /* Frameworks */,
			);
			sourceTree = "<group>";
		};
		593FBB3B1F9235550070A8D6 /* Products */ = {
			isa = PBXGroup;
			children = (
				593FBB3A1F9235550070A8D6 /* Pixelman2 */,
			);
			name = Products;
			sourceTree = "<group>";
		};
		593FBB3C1F9235550070A8D6 /* Pixelman2 */ = {
			isa = PBXGroup;
			children = (
				593FBB3D1F9235550070A8D6 /* main.c */,
				593FBB4D1F9237500070A8D6 /* main.h */,
				593FBB4E1F9238A00070A8D6 /* define.h */,
			);
			path = Pixelman2;
			sourceTree = "<group>";
		};
		593FBB441F92359F0070A8D6 /* Frameworks */ = {
			isa = PBXGroup;
			children = (
				593FBB4B1F9235BE0070A8D6 /* SDL2.framework */,
				593FBB491F9235B30070A8D6 /* SDL2_ttf.framework */,
				593FBB471F9235AA0070A8D6 /* SDL2_mixer.framework */,
				593FBB451F92359F0070A8D6 /* SDL2_image.framework */,
			);
			name = Frameworks;
			sourceTree = "<group>";
		};
		593FBB711F92A3320070A8D6 /* img */ = {
			isa = PBXGroup;
			children = (
				591E82CB1F9551DA00530C3E /* VCR_OSD_MONO_1.001.ttf */,
				59BA942D1F93B58C005F3C20 /* player_spritesheet_05.png */,
			);
			path = img;
			sourceTree = "<group>";
		};
/* End PBXGroup section */

/* Begin PBXNativeTarget section */
		593FBB391F9235550070A8D6 /* Pixelman2 */ = {
			isa = PBXNativeTarget;
			buildConfigurationList = 593FBB411F9235550070A8D6 /* Build configuration list for PBXNativeTarget "Pixelman2" */;
			buildPhases = (
				593FBB361F9235550070A8D6 /* Sources */,
				593FBB371F9235550070A8D6 /* Frameworks */,
				593FBB381F9235550070A8D6 /* CopyFiles */,
			);
			buildRules = (
			);
			dependencies = (
			);
			name = Pixelman2;
			productName = Pixelman2;
			productReference = 593FBB3A1F9235550070A8D6 /* Pixelman2 */;
			productType = "com.apple.product-type.tool";
		};
/* End PBXNativeTarget section */

/* Begin PBXProject section */
		593FBB321F9235550070A8D6 /* Project object */ = {
			isa = PBXProject;
			attributes = {
				LastUpgradeCheck = 0900;
				ORGANIZATIONNAME = "Julie Glasdam";
				TargetAttributes = {
					593FBB391F9235550070A8D6 = {
						CreatedOnToolsVersion = 9.0;
						ProvisioningStyle = Automatic;
					};
				};
			};
			buildConfigurationList = 593FBB351F9235550070A8D6 /* Build configuration list for PBXProject "Pixelman2" */;
			compatibilityVersion = "Xcode 8.0";
			developmentRegion = en;
			hasScannedForEncodings = 0;
			knownRegions = (
				en,
			);
			mainGroup = 593FBB311F9235550070A8D6;
			productRefGroup = 593FBB3B1F9235550070A8D6 /* Products */;
			projectDirPath = "";
			projectRoot = "";
			targets = (
				593FBB391F9235550070A8D6 /* Pixelman2 */,
			);
		};
/* End PBXProject section */

/* Begin PBXSourcesBuildPhase section */
		593FBB361F9235550070A8D6 /* Sources */ = {
			isa = PBXSourcesBuildPhase;
			buildActionMask = 2147483647;
			files = (
				593FBB3E1F9235550070A8D6 /* main.c in Sources */,
			);
			runOnlyForDeploymentPostprocessing = 0;
		};
/* End PBXSourcesBuildPhase section */

/* Begin XCBuildConfiguration section */
		593FBB3F1F9235550070A8D6 /* Debug */ = {
			isa = XCBuildConfiguration;
			buildSettings = {
				ALWAYS_SEARCH_USER_PATHS = NO;
				CLANG_ANALYZER_NONNULL = YES;
				CLANG_ANALYZER_NUMBER_OBJECT_CONVERSION = YES_AGGRESSIVE;
				CLANG_CXX_LANGUAGE_STANDARD = "gnu++14";
				CLANG_CXX_LIBRARY = "libc++";
				CLANG_ENABLE_MODULES = YES;
				CLANG_ENABLE_OBJC_ARC = YES;
				CLANG_WARN_BLOCK_CAPTURE_AUTORELEASING = YES;
				CLANG_WARN_BOOL_CONVERSION = YES;
				CLANG_WARN_COMMA = YES;
				CLANG_WARN_CONSTANT_CONVERSION = YES;
				CLANG_WARN_DIRECT_OBJC_ISA_USAGE = YES_ERROR;
				CLANG_WARN_DOCUMENTATION_COMMENTS = YES;
				CLANG_WARN_EMPTY_BODY = YES;
				CLANG_WARN_ENUM_CONVERSION = YES;
				CLANG_WARN_INFINITE_RECURSION = YES;
				CLANG_WARN_INT_CONVERSION = YES;
				CLANG_WARN_NON_LITERAL_NULL_CONVERSION = YES;
				CLANG_WARN_OBJC_LITERAL_CONVERSION = YES;
				CLANG_WARN_OBJC_ROOT_CLASS = YES_ERROR;
				CLANG_WARN_RANGE_LOOP_ANALYSIS = YES;
				CLANG_WARN_STRICT_PROTOTYPES = YES;
				CLANG_WARN_SUSPICIOUS_MOVE = YES;
				CLANG_WARN_UNGUARDED_AVAILABILITY = YES_AGGRESSIVE;
				CLANG_WARN_UNREACHABLE_CODE = YES;
				CLANG_WARN__DUPLICATE_METHOD_MATCH = YES;
				CODE_SIGN_IDENTITY = "-";
				COPY_PHASE_STRIP = NO;
				DEBUG_INFORMATION_FORMAT = dwarf;
				ENABLE_STRICT_OBJC_MSGSEND = YES;
				ENABLE_TESTABILITY = YES;
				GCC_C_LANGUAGE_STANDARD = gnu11;
				GCC_DYNAMIC_NO_PIC = NO;
				GCC_NO_COMMON_BLOCKS = YES;
				GCC_OPTIMIZATION_LEVEL = 0;
				GCC_PREPROCESSOR_DEFINITIONS = (
					"DEBUG=1",
					"$(inherited)",
				);
				GCC_WARN_64_TO_32_BIT_CONVERSION = YES;
				GCC_WARN_ABOUT_RETURN_TYPE = YES_ERROR;
				GCC_WARN_UNDECLARED_SELECTOR = YES;
				GCC_WARN_UNINITIALIZED_AUTOS = YES_AGGRESSIVE;
				GCC_WARN_UNUSED_FUNCTION = YES;
				GCC_WARN_UNUSED_VARIABLE = YES;
				MACOSX_DEPLOYMENT_TARGET = 10.12;
				MTL_ENABLE_DEBUG_INFO = YES;
				ONLY_ACTIVE_ARCH = YES;
				SDKROOT = macosx;
			};
			name = Debug;
		};
		593FBB401F9235550070A8D6 /* Release */ = {
			isa = XCBuildConfiguration;
			buildSettings = {
				ALWAYS_SEARCH_USER_PATHS = NO;
				CLANG_ANALYZER_NONNULL = YES;
				CLANG_ANALYZER_NUMBER_OBJECT_CONVERSION = YES_AGGRESSIVE;
				CLANG_CXX_LANGUAGE_STANDARD = "gnu++14";
				CLANG_CXX_LIBRARY = "libc++";
				CLANG_ENABLE_MODULES = YES;
				CLANG_ENABLE_OBJC_ARC = YES;
				CLANG_WARN_BLOCK_CAPTURE_AUTORELEASING = YES;
				CLANG_WARN_BOOL_CONVERSION = YES;
				CLANG_WARN_COMMA = YES;
				CLANG_WARN_CONSTANT_CONVERSION = YES;
				CLANG_WARN_DIRECT_OBJC_ISA_USAGE = YES_ERROR;
				CLANG_WARN_DOCUMENTATION_COMMENTS = YES;
				CLANG_WARN_EMPTY_BODY = YES;
				CLANG_WARN_ENUM_CONVERSION = YES;
				CLANG_WARN_INFINITE_RECURSION = YES;
				CLANG_WARN_INT_CONVERSION = YES;
				CLANG_WARN_NON_LITERAL_NULL_CONVERSION = YES;
				CLANG_WARN_OBJC_LITERAL_CONVERSION = YES;
				CLANG_WARN_OBJC_ROOT_CLASS = YES_ERROR;
				CLANG_WARN_RANGE_LOOP_ANALYSIS = YES;
				CLANG_WARN_STRICT_PROTOTYPES = YES;
				CLANG_WARN_SUSPICIOUS_MOVE = YES;
				CLANG_WARN_UNGUARDED_AVAILABILITY = YES_AGGRESSIVE;
				CLANG_WARN_UNREACHABLE_CODE = YES;
				CLANG_WARN__DUPLICATE_METHOD_MATCH = YES;
				CODE_SIGN_IDENTITY = "-";
				COPY_PHASE_STRIP = NO;
				DEBUG_INFORMATION_FORMAT = "dwarf-with-dsym";
				ENABLE_NS_ASSERTIONS = NO;
				ENABLE_STRICT_OBJC_MSGSEND = YES;
				GCC_C_LANGUAGE_STANDARD = gnu11;
				GCC_NO_COMMON_BLOCKS = YES;
				GCC_WARN_64_TO_32_BIT_CONVERSION = YES;
				GCC_WARN_ABOUT_RETURN_TYPE = YES_ERROR;
				GCC_WARN_UNDECLARED_SELECTOR = YES;
				GCC_WARN_UNINITIALIZED_AUTOS = YES_AGGRESSIVE;
				GCC_WARN_UNUSED_FUNCTION = YES;
				GCC_WARN_UNUSED_VARIABLE = YES;
				MACOSX_DEPLOYMENT_TARGET = 10.12;
				MTL_ENABLE_DEBUG_INFO = NO;
				SDKROOT = macosx;
			};
			name = Release;
		};
		593FBB421F9235550070A8D6 /* Debug */ = {
			isa = XCBuildConfiguration;
			buildSettings = {
				CODE_SIGN_STYLE = Automatic;
				FRAMEWORK_SEARCH_PATHS = (
					"$(inherited)",
					"$(PROJECT_DIR)/Pixelman2",
				);
				PRODUCT_NAME = "$(TARGET_NAME)";
			};
			name = Debug;
		};
		593FBB431F9235550070A8D6 /* Release */ = {
			isa = XCBuildConfiguration;
			buildSettings = {
				CODE_SIGN_STYLE = Automatic;
				FRAMEWORK_SEARCH_PATHS = (
					"$(inherited)",
					"$(PROJECT_DIR)/Pixelman2",
				);
				PRODUCT_NAME = "$(TARGET_NAME)";
			};
			name = Release;
		};
/* End XCBuildConfiguration section */

/* Begin XCConfigurationList section */
		593FBB351F9235550070A8D6 /* Build configuration list for PBXProject "Pixelman2" */ = {
			isa = XCConfigurationList;
			buildConfigurations = (
				593FBB3F1F9235550070A8D6 /* Debug */,
				593FBB401F9235550070A8D6 /* Release */,
			);
			defaultConfigurationIsVisible = 0;
			defaultConfigurationName = Release;
		};
		593FBB411F9235550070A8D6 /* Build configuration list for PBXNativeTarget "Pixelman2" */ = {
			isa = XCConfigurationList;
			buildConfigurations = (
				593FBB421F9235550070A8D6 /* Debug */,
				593FBB431F9235550070A8D6 /* Release */,
			);
			defaultConfigurationIsVisible = 0;
			defaultConfigurationName = Release;
		};
/* End XCConfigurationList section */
	};
	rootObject = 593FBB321F9235550070A8D6 /* Project object */;
}
